
Microsoft Visual Studio Solution File, Format Version 12.00
# Visual Studio 2012
Project("{D2ABAB84-BF74-430A-B69E-9DC6D40DDA17}") = "AWDW2014Multidimensional-SE", "AWDW2014Multidimensional-SE\AWDW2014Multidimensional-SE.dwproj", "{D25ED771-3EB5-46F5-90FA-8C813625FFEF}"
EndProject
Global
	GlobalSection(SolutionConfigurationPlatforms) = preSolution
		Development|Default = Development|Default
	EndGlobalSection
	GlobalSection(ProjectConfigurationPlatforms) = postSolution
		{D25ED771-3EB5-46F5-90FA-8C813625FFEF}.Development|Default.ActiveCfg = Development
		{D25ED771-3EB5-46F5-90FA-8C813625FFEF}.Development|Default.Build.0 = Development
		{D25ED771-3EB5-46F5-90FA-8C813625FFEF}.Development|Default.Deploy.0 = Development
	EndGlobalSection
	GlobalSection(SolutionProperties) = preSolution
		HideSolutionNode = FALSE
	EndGlobalSection
EndGlobal
